
Microsoft Visual Studio Solution File, Format Version 12.00
# Visual Studio 15
VisualStudioVersion = 15.0.28307.136
MinimumVisualStudioVersion = 10.0.40219.1
Project("{FAE04EC0-301F-11D3-BF4B-00C04F79EFBC}") = "Task2", "Task2.csproj", "{13197A2B-2587-4C3F-AA9F-B646C8163EDD}"
EndProject
Global
	GlobalSection(SolutionConfigurationPlatforms) = preSolution
		Debug|Any CPU = Debug|Any CPU
		Release|Any CPU = Release|Any CPU
	EndGlobalSection
	GlobalSection(ProjectConfigurationPlatforms) = postSolution
		{13197A2B-2587-4C3F-AA9F-B646C8163EDD}.Debug|Any CPU.ActiveCfg = Debug|Any CPU
		{13197A2B-2587-4C3F-AA9F-B646C8163EDD}.Debug|Any CPU.Build.0 = Debug|Any CPU
		{13197A2B-2587-4C3F-AA9F-B646C8163EDD}.Release|Any CPU.ActiveCfg = Release|Any CPU
		{13197A2B-2587-4C3F-AA9F-B646C8163EDD}.Release|Any CPU.Build.0 = Release|Any CPU
	EndGlobalSection
	GlobalSection(SolutionProperties) = preSolution
		HideSolutionNode = FALSE
	EndGlobalSection
	GlobalSection(ExtensibilityGlobals) = postSolution
		SolutionGuid = {622BEDCE-C7A0-4670-ABCA-4B6201121B5E}
	EndGlobalSection
EndGlobal
